// !$*UTF8*$!
{
	archiveVersion = 1;
	classes = {
	};
	objectVersion = 56;
	objects = {

/* Begin PBXBuildFile section */
		01D1F1982C7D6D570055445A /* GPS_SpeedApp.swift in Sources */ = {isa = PBXBuildFile; fileRef = 01D1F1972C7D6D570055445A /* GPS_SpeedApp.swift */; };
		01D1F19A2C7D6D570055445A /* ContentView.swift in Sources */ = {isa = PBXBuildFile; fileRef = 01D1F1992C7D6D570055445A /* ContentView.swift */; };
		01D1F19C2C7D6D580055445A /* Assets.xcassets in Resources */ = {isa = PBXBuildFile; fileRef = 01D1F19B2C7D6D580055445A /* Assets.xcassets */; };
		01D1F19F2C7D6D580055445A /* Preview Assets.xcassets in Resources */ = {isa = PBXBuildFile; fileRef = 01D1F19E2C7D6D580055445A /* Preview Assets.xcassets */; };
		01D1F1A92C7D6D580055445A /* GPS_SpeedTests.swift in Sources */ = {isa = PBXBuildFile; fileRef = 01D1F1A82C7D6D580055445A /* GPS_SpeedTests.swift */; };
		01D1F1B32C7D6D580055445A /* GPS_SpeedUITests.swift in Sources */ = {isa = PBXBuildFile; fileRef = 01D1F1B22C7D6D580055445A /* GPS_SpeedUITests.swift */; };
		01D1F1B52C7D6D580055445A /* GPS_SpeedUITestsLaunchTests.swift in Sources */ = {isa = PBXBuildFile; fileRef = 01D1F1B42C7D6D580055445A /* GPS_SpeedUITestsLaunchTests.swift */; };
/* End PBXBuildFile section */

/* Begin PBXContainerItemProxy section */
		01D1F1A52C7D6D580055445A /* PBXContainerItemProxy */ = {
			isa = PBXContainerItemProxy;
			containerPortal = 01D1F18C2C7D6D570055445A /* Project object */;
			proxyType = 1;
			remoteGlobalIDString = 01D1F1932C7D6D570055445A;
			remoteInfo = "GPS Speed";
		};
		01D1F1AF2C7D6D580055445A /* PBXContainerItemProxy */ = {
			isa = PBXContainerItemProxy;
			containerPortal = 01D1F18C2C7D6D570055445A /* Project object */;
			proxyType = 1;
			remoteGlobalIDString = 01D1F1932C7D6D570055445A;
			remoteInfo = "GPS Speed";
		};
/* End PBXContainerItemProxy section */

/* Begin PBXFileReference section */
		01D1F1942C7D6D570055445A /* GPS Speed.app */ = {isa = PBXFileReference; explicitFileType = wrapper.application; includeInIndex = 0; path = "GPS Speed.app"; sourceTree = BUILT_PRODUCTS_DIR; };
		01D1F1972C7D6D570055445A /* GPS_SpeedApp.swift */ = {isa = PBXFileReference; lastKnownFileType = sourcecode.swift; path = GPS_SpeedApp.swift; sourceTree = "<group>"; };
		01D1F1992C7D6D570055445A /* ContentView.swift */ = {isa = PBXFileReference; lastKnownFileType = sourcecode.swift; path = ContentView.swift; sourceTree = "<group>"; };
		01D1F19B2C7D6D580055445A /* Assets.xcassets */ = {isa = PBXFileReference; lastKnownFileType = folder.assetcatalog; path = Assets.xcassets; sourceTree = "<group>"; };
		01D1F19E2C7D6D580055445A /* Preview Assets.xcassets */ = {isa = PBXFileReference; lastKnownFileType = folder.assetcatalog; path = "Preview Assets.xcassets"; sourceTree = "<group>"; };
		01D1F1A42C7D6D580055445A /* GPS SpeedTests.xctest */ = {isa = PBXFileReference; explicitFileType = wrapper.cfbundle; includeInIndex = 0; path = "GPS SpeedTests.xctest"; sourceTree = BUILT_PRODUCTS_DIR; };
		01D1F1A82C7D6D580055445A /* GPS_SpeedTests.swift */ = {isa = PBXFileReference; lastKnownFileType = sourcecode.swift; path = GPS_SpeedTests.swift; sourceTree = "<group>"; };
		01D1F1AE2C7D6D580055445A /* GPS SpeedUITests.xctest */ = {isa = PBXFileReference; explicitFileType = wrapper.cfbundle; includeInIndex = 0; path = "GPS SpeedUITests.xctest"; sourceTree = BUILT_PRODUCTS_DIR; };
		01D1F1B22C7D6D580055445A /* GPS_SpeedUITests.swift */ = {isa = PBXFileReference; lastKnownFileType = sourcecode.swift; path = GPS_SpeedUITests.swift; sourceTree = "<group>"; };
		01D1F1B42C7D6D580055445A /* GPS_SpeedUITestsLaunchTests.swift */ = {isa = PBXFileReference; lastKnownFileType = sourcecode.swift; path = GPS_SpeedUITestsLaunchTests.swift; sourceTree = "<group>"; };
/* End PBXFileReference section */

/* Begin PBXFrameworksBuildPhase section */
		01D1F1912C7D6D570055445A /* Frameworks */ = {
			isa = PBXFrameworksBuildPhase;
			buildActionMask = 2147483647;
			files = (
			);
			runOnlyForDeploymentPostprocessing = 0;
		};
		01D1F1A12C7D6D580055445A /* Frameworks */ = {
			isa = PBXFrameworksBuildPhase;
			buildActionMask = 2147483647;
			files = (
			);
			runOnlyForDeploymentPostprocessing = 0;
		};
		01D1F1AB2C7D6D580055445A /* Frameworks */ = {
			isa = PBXFrameworksBuildPhase;
			buildActionMask = 2147483647;
			files = (
			);
			runOnlyForDeploymentPostprocessing = 0;
		};
/* End PBXFrameworksBuildPhase section */

/* Begin PBXGroup section */
		01D1F18B2C7D6D570055445A = {
			isa = PBXGroup;
			children = (
				01D1F1962C7D6D570055445A /* GPS Speed */,
				01D1F1A72C7D6D580055445A /* GPS SpeedTests */,
				01D1F1B12C7D6D580055445A /* GPS SpeedUITests */,
				01D1F1952C7D6D570055445A /* Products */,
			);
			sourceTree = "<group>";
		};
		01D1F1952C7D6D570055445A /* Products */ = {
			isa = PBXGroup;
			children = (
				01D1F1942C7D6D570055445A /* GPS Speed.app */,
				01D1F1A42C7D6D580055445A /* GPS SpeedTests.xctest */,
				01D1F1AE2C7D6D580055445A /* GPS SpeedUITests.xctest */,
			);
			name = Products;
			sourceTree = "<group>";
		};
		01D1F1962C7D6D570055445A /* GPS Speed */ = {
			isa = PBXGroup;
			children = (
				01D1F1972C7D6D570055445A /* GPS_SpeedApp.swift */,
				01D1F1992C7D6D570055445A /* ContentView.swift */,
				01D1F19B2C7D6D580055445A /* Assets.xcassets */,
				01D1F19D2C7D6D580055445A /* Preview Content */,
			);
			path = "GPS Speed";
			sourceTree = "<group>";
		};
		01D1F19D2C7D6D580055445A /* Preview Content */ = {
			isa = PBXGroup;
			children = (
				01D1F19E2C7D6D580055445A /* Preview Assets.xcassets */,
			);
			path = "Preview Content";
			sourceTree = "<group>";
		};
		01D1F1A72C7D6D580055445A /* GPS SpeedTests */ = {
			isa = PBXGroup;
			children = (
				01D1F1A82C7D6D580055445A /* GPS_SpeedTests.swift */,
			);
			path = "GPS SpeedTests";
			sourceTree = "<group>";
		};
		01D1F1B12C7D6D580055445A /* GPS SpeedUITests */ = {
			isa = PBXGroup;
			children = (
				01D1F1B22C7D6D580055445A /* GPS_SpeedUITests.swift */,
				01D1F1B42C7D6D580055445A /* GPS_SpeedUITestsLaunchTests.swift */,
			);
			path = "GPS SpeedUITests";
			sourceTree = "<group>";
		};
/* End PBXGroup section */

/* Begin PBXNativeTarget section */
		01D1F1932C7D6D570055445A /* GPS Speed */ = {
			isa = PBXNativeTarget;
			buildConfigurationList = 01D1F1B82C7D6D580055445A /* Build configuration list for PBXNativeTarget "GPS Speed" */;
			buildPhases = (
				01D1F1902C7D6D570055445A /* Sources */,
				01D1F1912C7D6D570055445A /* Frameworks */,
				01D1F1922C7D6D570055445A /* Resources */,
			);
			buildRules = (
			);
			dependencies = (
			);
			name = "GPS Speed";
			productName = "GPS Speed";
			productReference = 01D1F1942C7D6D570055445A /* GPS Speed.app */;
			productType = "com.apple.product-type.application";
		};
		01D1F1A32C7D6D580055445A /* GPS SpeedTests */ = {
			isa = PBXNativeTarget;
			buildConfigurationList = 01D1F1BB2C7D6D580055445A /* Build configuration list for PBXNativeTarget "GPS SpeedTests" */;
			buildPhases = (
				01D1F1A02C7D6D580055445A /* Sources */,
				01D1F1A12C7D6D580055445A /* Frameworks */,
				01D1F1A22C7D6D580055445A /* Resources */,
			);
			buildRules = (
			);
			dependencies = (
				01D1F1A62C7D6D580055445A /* PBXTargetDependency */,
			);
			name = "GPS SpeedTests";
			productName = "GPS SpeedTests";
			productReference = 01D1F1A42C7D6D580055445A /* GPS SpeedTests.xctest */;
			productType = "com.apple.product-type.bundle.unit-test";
		};
		01D1F1AD2C7D6D580055445A /* GPS SpeedUITests */ = {
			isa = PBXNativeTarget;
			buildConfigurationList = 01D1F1BE2C7D6D580055445A /* Build configuration list for PBXNativeTarget "GPS SpeedUITests" */;
			buildPhases = (
				01D1F1AA2C7D6D580055445A /* Sources */,
				01D1F1AB2C7D6D580055445A /* Frameworks */,
				01D1F1AC2C7D6D580055445A /* Resources */,
			);
			buildRules = (
			);
			dependencies = (
				01D1F1B02C7D6D580055445A /* PBXTargetDependency */,
			);
			name = "GPS SpeedUITests";
			productName = "GPS SpeedUITests";
			productReference = 01D1F1AE2C7D6D580055445A /* GPS SpeedUITests.xctest */;
			productType = "com.apple.product-type.bundle.ui-testing";
		};
/* End PBXNativeTarget section */

/* Begin PBXProject section */
		01D1F18C2C7D6D570055445A /* Project object */ = {
			isa = PBXProject;
			attributes = {
				BuildIndependentTargetsInParallel = 1;
				LastSwiftUpdateCheck = 1540;
				LastUpgradeCheck = 1540;
				TargetAttributes = {
					01D1F1932C7D6D570055445A = {
						CreatedOnToolsVersion = 15.4;
					};
					01D1F1A32C7D6D580055445A = {
						CreatedOnToolsVersion = 15.4;
						TestTargetID = 01D1F1932C7D6D570055445A;
					};
					01D1F1AD2C7D6D580055445A = {
						CreatedOnToolsVersion = 15.4;
						TestTargetID = 01D1F1932C7D6D570055445A;
					};
				};
			};
			buildConfigurationList = 01D1F18F2C7D6D570055445A /* Build configuration list for PBXProject "GPS Speed" */;
			compatibilityVersion = "Xcode 14.0";
			developmentRegion = en;
			hasScannedForEncodings = 0;
			knownRegions = (
				en,
				Base,
			);
			mainGroup = 01D1F18B2C7D6D570055445A;
			productRefGroup = 01D1F1952C7D6D570055445A /* Products */;
			projectDirPath = "";
			projectRoot = "";
			targets = (
				01D1F1932C7D6D570055445A /* GPS Speed */,
				01D1F1A32C7D6D580055445A /* GPS SpeedTests */,
				01D1F1AD2C7D6D580055445A /* GPS SpeedUITests */,
			);
		};
/* End PBXProject section */

/* Begin PBXResourcesBuildPhase section */
		01D1F1922C7D6D570055445A /* Resources */ = {
			isa = PBXResourcesBuildPhase;
			buildActionMask = 2147483647;
			files = (
				01D1F19F2C7D6D580055445A /* Preview Assets.xcassets in Resources */,
				01D1F19C2C7D6D580055445A /* Assets.xcassets in Resources */,
			);
			runOnlyForDeploymentPostprocessing = 0;
		};
		01D1F1A22C7D6D580055445A /* Resources */ = {
			isa = PBXResourcesBuildPhase;
			buildActionMask = 2147483647;
			files = (
			);
			runOnlyForDeploymentPostprocessing = 0;
		};
		01D1F1AC2C7D6D580055445A /* Resources */ = {
			isa = PBXResourcesBuildPhase;
			buildActionMask = 2147483647;
			files = (
			);
			runOnlyForDeploymentPostprocessing = 0;
		};
/* End PBXResourcesBuildPhase section */

/* Begin PBXSourcesBuildPhase section */
		01D1F1902C7D6D570055445A /* Sources */ = {
			isa = PBXSourcesBuildPhase;
			buildActionMask = 2147483647;
			files = (
				01D1F19A2C7D6D570055445A /* ContentView.swift in Sources */,
				01D1F1982C7D6D570055445A /* GPS_SpeedApp.swift in Sources */,
			);
			runOnlyForDeploymentPostprocessing = 0;
		};
		01D1F1A02C7D6D580055445A /* Sources */ = {
			isa = PBXSourcesBuildPhase;
			buildActionMask = 2147483647;
			files = (
				01D1F1A92C7D6D580055445A /* GPS_SpeedTests.swift in Sources */,
			);
			runOnlyForDeploymentPostprocessing = 0;
		};
		01D1F1AA2C7D6D580055445A /* Sources */ = {
			isa = PBXSourcesBuildPhase;
			buildActionMask = 2147483647;
			files = (
				01D1F1B32C7D6D580055445A /* GPS_SpeedUITests.swift in Sources */,
				01D1F1B52C7D6D580055445A /* GPS_SpeedUITestsLaunchTests.swift in Sources */,
			);
			runOnlyForDeploymentPostprocessing = 0;
		};
/* End PBXSourcesBuildPhase section */

/* Begin PBXTargetDependency section */
		01D1F1A62C7D6D580055445A /* PBXTargetDependency */ = {
			isa = PBXTargetDependency;
			target = 01D1F1932C7D6D570055445A /* GPS Speed */;
			targetProxy = 01D1F1A52C7D6D580055445A /* PBXContainerItemProxy */;
		};
		01D1F1B02C7D6D580055445A /* PBXTargetDependency */ = {
			isa = PBXTargetDependency;
			target = 01D1F1932C7D6D570055445A /* GPS Speed */;
			targetProxy = 01D1F1AF2C7D6D580055445A /* PBXContainerItemProxy */;
		};
/* End PBXTargetDependency section */

/* Begin XCBuildConfiguration section */
		01D1F1B62C7D6D580055445A /* Debug */ = {
			isa = XCBuildConfiguration;
			buildSettings = {
				ALWAYS_SEARCH_USER_PATHS = NO;
				ASSETCATALOG_COMPILER_GENERATE_SWIFT_ASSET_SYMBOL_EXTENSIONS = YES;
				CLANG_ANALYZER_NONNULL = YES;
				CLANG_ANALYZER_NUMBER_OBJECT_CONVERSION = YES_AGGRESSIVE;
				CLANG_CXX_LANGUAGE_STANDARD = "gnu++20";
				CLANG_ENABLE_MODULES = YES;
				CLANG_ENABLE_OBJC_ARC = YES;
				CLANG_ENABLE_OBJC_WEAK = YES;
				CLANG_WARN_BLOCK_CAPTURE_AUTORELEASING = YES;
				CLANG_WARN_BOOL_CONVERSION = YES;
				CLANG_WARN_COMMA = YES;
				CLANG_WARN_CONSTANT_CONVERSION = YES;
				CLANG_WARN_DEPRECATED_OBJC_IMPLEMENTATIONS = YES;
				CLANG_WARN_DIRECT_OBJC_ISA_USAGE = YES_ERROR;
				CLANG_WARN_DOCUMENTATION_COMMENTS = YES;
				CLANG_WARN_EMPTY_BODY = YES;
				CLANG_WARN_ENUM_CONVERSION = YES;
				CLANG_WARN_INFINITE_RECURSION = YES;
				CLANG_WARN_INT_CONVERSION = YES;
				CLANG_WARN_NON_LITERAL_NULL_CONVERSION = YES;
				CLANG_WARN_OBJC_IMPLICIT_RETAIN_SELF = YES;
				CLANG_WARN_OBJC_LITERAL_CONVERSION = YES;
				CLANG_WARN_OBJC_ROOT_CLASS = YES_ERROR;
				CLANG_WARN_QUOTED_INCLUDE_IN_FRAMEWORK_HEADER = YES;
				CLANG_WARN_RANGE_LOOP_ANALYSIS = YES;
				CLANG_WARN_STRICT_PROTOTYPES = YES;
				CLANG_WARN_SUSPICIOUS_MOVE = YES;
				CLANG_WARN_UNGUARDED_AVAILABILITY = YES_AGGRESSIVE;
				CLANG_WARN_UNREACHABLE_CODE = YES;
				CLANG_WARN__DUPLICATE_METHOD_MATCH = YES;
				COPY_PHASE_STRIP = NO;
				DEBUG_INFORMATION_FORMAT = dwarf;
				ENABLE_STRICT_OBJC_MSGSEND = YES;
				ENABLE_TESTABILITY = YES;
				ENABLE_USER_SCRIPT_SANDBOXING = YES;
				GCC_C_LANGUAGE_STANDARD = gnu17;
				GCC_DYNAMIC_NO_PIC = NO;
				GCC_NO_COMMON_BLOCKS = YES;
				GCC_OPTIMIZATION_LEVEL = 0;
				GCC_PREPROCESSOR_DEFINITIONS = (
					"DEBUG=1",
					"$(inherited)",
				);
				GCC_WARN_64_TO_32_BIT_CONVERSION = YES;
				GCC_WARN_ABOUT_RETURN_TYPE = YES_ERROR;
				GCC_WARN_UNDECLARED_SELECTOR = YES;
				GCC_WARN_UNINITIALIZED_AUTOS = YES_AGGRESSIVE;
				GCC_WARN_UNUSED_FUNCTION = YES;
				GCC_WARN_UNUSED_VARIABLE = YES;
				IPHONEOS_DEPLOYMENT_TARGET = 17.5;
				LOCALIZATION_PREFERS_STRING_CATALOGS = YES;
				MTL_ENABLE_DEBUG_INFO = INCLUDE_SOURCE;
				MTL_FAST_MATH = YES;
				ONLY_ACTIVE_ARCH = YES;
				SDKROOT = iphoneos;
				SWIFT_ACTIVE_COMPILATION_CONDITIONS = "DEBUG $(inherited)";
				SWIFT_OPTIMIZATION_LEVEL = "-Onone";
			};
			name = Debug;
		};
		01D1F1B72C7D6D580055445A /* Release */ = {
			isa = XCBuildConfiguration;
			buildSettings = {
				ALWAYS_SEARCH_USER_PATHS = NO;
				ASSETCATALOG_COMPILER_GENERATE_SWIFT_ASSET_SYMBOL_EXTENSIONS = YES;
				CLANG_ANALYZER_NONNULL = YES;
				CLANG_ANALYZER_NUMBER_OBJECT_CONVERSION = YES_AGGRESSIVE;
				CLANG_CXX_LANGUAGE_STANDARD = "gnu++20";
				CLANG_ENABLE_MODULES = YES;
				CLANG_ENABLE_OBJC_ARC = YES;
				CLANG_ENABLE_OBJC_WEAK = YES;
				CLANG_WARN_BLOCK_CAPTURE_AUTORELEASING = YES;
				CLANG_WARN_BOOL_CONVERSION = YES;
				CLANG_WARN_COMMA = YES;
				CLANG_WARN_CONSTANT_CONVERSION = YES;
				CLANG_WARN_DEPRECATED_OBJC_IMPLEMENTATIONS = YES;
				CLANG_WARN_DIRECT_OBJC_ISA_USAGE = YES_ERROR;
				CLANG_WARN_DOCUMENTATION_COMMENTS = YES;
				CLANG_WARN_EMPTY_BODY = YES;
				CLANG_WARN_ENUM_CONVERSION = YES;
				CLANG_WARN_INFINITE_RECURSION = YES;
				CLANG_WARN_INT_CONVERSION = YES;
				CLANG_WARN_NON_LITERAL_NULL_CONVERSION = YES;
				CLANG_WARN_OBJC_IMPLICIT_RETAIN_SELF = YES;
				CLANG_WARN_OBJC_LITERAL_CONVERSION = YES;
				CLANG_WARN_OBJC_ROOT_CLASS = YES_ERROR;
				CLANG_WARN_QUOTED_INCLUDE_IN_FRAMEWORK_HEADER = YES;
				CLANG_WARN_RANGE_LOOP_ANALYSIS = YES;
				CLANG_WARN_STRICT_PROTOTYPES = YES;
				CLANG_WARN_SUSPICIOUS_MOVE = YES;
				CLANG_WARN_UNGUARDED_AVAILABILITY = YES_AGGRESSIVE;
				CLANG_WARN_UNREACHABLE_CODE = YES;
				CLANG_WARN__DUPLICATE_METHOD_MATCH = YES;
				COPY_PHASE_STRIP = NO;
				DEBUG_INFORMATION_FORMAT = "dwarf-with-dsym";
				ENABLE_NS_ASSERTIONS = NO;
				ENABLE_STRICT_OBJC_MSGSEND = YES;
				ENABLE_USER_SCRIPT_SANDBOXING = YES;
				GCC_C_LANGUAGE_STANDARD = gnu17;
				GCC_NO_COMMON_BLOCKS = YES;
				GCC_WARN_64_TO_32_BIT_CONVERSION = YES;
				GCC_WARN_ABOUT_RETURN_TYPE = YES_ERROR;
				GCC_WARN_UNDECLARED_SELECTOR = YES;
				GCC_WARN_UNINITIALIZED_AUTOS = YES_AGGRESSIVE;
				GCC_WARN_UNUSED_FUNCTION = YES;
				GCC_WARN_UNUSED_VARIABLE = YES;
				IPHONEOS_DEPLOYMENT_TARGET = 17.5;
				LOCALIZATION_PREFERS_STRING_CATALOGS = YES;
				MTL_ENABLE_DEBUG_INFO = NO;
				MTL_FAST_MATH = YES;
				SDKROOT = iphoneos;
				SWIFT_COMPILATION_MODE = wholemodule;
				VALIDATE_PRODUCT = YES;
			};
			name = Release;
		};
		01D1F1B92C7D6D580055445A /* Debug */ = {
			isa = XCBuildConfiguration;
			buildSettings = {
				ASSETCATALOG_COMPILER_APPICON_NAME = AppIcon;
				ASSETCATALOG_COMPILER_GLOBAL_ACCENT_COLOR_NAME = AccentColor;
				CODE_SIGN_STYLE = Automatic;
				CURRENT_PROJECT_VERSION = 1;
				DEVELOPMENT_ASSET_PATHS = "\"GPS Speed/Preview Content\"";
				DEVELOPMENT_TEAM = CGZUU74AN7;
				ENABLE_PREVIEWS = YES;
				GENERATE_INFOPLIST_FILE = YES;
				INFOPLIST_KEY_NSLocationAlwaysAndWhenInUseUsageDescription = "此應用需要使用您的位置以顯示當前位置資訊。";
				INFOPLIST_KEY_NSLocationWhenInUseUsageDescription = "此應用需要使用您的位置以顯示當前位置資訊。";
				INFOPLIST_KEY_UIApplicationSceneManifest_Generation = YES;
				INFOPLIST_KEY_UIApplicationSupportsIndirectInputEvents = YES;
				INFOPLIST_KEY_UILaunchScreen_Generation = YES;
				INFOPLIST_KEY_UISupportedInterfaceOrientations_iPad = "UIInterfaceOrientationPortrait UIInterfaceOrientationPortraitUpsideDown UIInterfaceOrientationLandscapeLeft UIInterfaceOrientationLandscapeRight";
				INFOPLIST_KEY_UISupportedInterfaceOrientations_iPhone = "UIInterfaceOrientationPortrait UIInterfaceOrientationLandscapeLeft UIInterfaceOrientationLandscapeRight";
				LD_RUNPATH_SEARCH_PATHS = (
					"$(inherited)",
					"@executable_path/Frameworks",
				);
				MARKETING_VERSION = 1.0;
				PRODUCT_BUNDLE_IDENTIFIER = "Hsu-Po-Hsiang.GPS-Speed";
				PRODUCT_NAME = "$(TARGET_NAME)";
				SWIFT_EMIT_LOC_STRINGS = YES;
				SWIFT_VERSION = 5.0;
				TARGETED_DEVICE_FAMILY = "1,2";
			};
			name = Debug;
		};
		01D1F1BA2C7D6D580055445A /* Release */ = {
			isa = XCBuildConfiguration;
			buildSettings = {
				ASSETCATALOG_COMPILER_APPICON_NAME = AppIcon;
				ASSETCATALOG_COMPILER_GLOBAL_ACCENT_COLOR_NAME = AccentColor;
				CODE_SIGN_STYLE = Automatic;
				CURRENT_PROJECT_VERSION = 1;
				DEVELOPMENT_ASSET_PATHS = "\"GPS Speed/Preview Content\"";
				DEVELOPMENT_TEAM = CGZUU74AN7;
				ENABLE_PREVIEWS = YES;
				GENERATE_INFOPLIST_FILE = YES;
				INFOPLIST_KEY_NSLocationAlwaysAndWhenInUseUsageDescription = "此應用需要使用您的位置以顯示當前位置資訊。";
				INFOPLIST_KEY_NSLocationWhenInUseUsageDescription = "此應用需要使用您的位置以顯示當前位置資訊。";
				INFOPLIST_KEY_UIApplicationSceneManifest_Generation = YES;
				INFOPLIST_KEY_UIApplicationSupportsIndirectInputEvents = YES;
				INFOPLIST_KEY_UILaunchScreen_Generation = YES;
				INFOPLIST_KEY_UISupportedInterfaceOrientations_iPad = "UIInterfaceOrientationPortrait UIInterfaceOrientationPortraitUpsideDown UIInterfaceOrientationLandscapeLeft UIInterfaceOrientationLandscapeRight";
				INFOPLIST_KEY_UISupportedInterfaceOrientations_iPhone = "UIInterfaceOrientationPortrait UIInterfaceOrientationLandscapeLeft UIInterfaceOrientationLandscapeRight";
				LD_RUNPATH_SEARCH_PATHS = (
					"$(inherited)",
					"@executable_path/Frameworks",
				);
				MARKETING_VERSION = 1.0;
				PRODUCT_BUNDLE_IDENTIFIER = "Hsu-Po-Hsiang.GPS-Speed";
				PRODUCT_NAME = "$(TARGET_NAME)";
				SWIFT_EMIT_LOC_STRINGS = YES;
				SWIFT_VERSION = 5.0;
				TARGETED_DEVICE_FAMILY = "1,2";
			};
			name = Release;
		};
		01D1F1BC2C7D6D580055445A /* Debug */ = {
			isa = XCBuildConfiguration;
			buildSettings = {
				ALWAYS_EMBED_SWIFT_STANDARD_LIBRARIES = YES;
				BUNDLE_LOADER = "$(TEST_HOST)";
				CODE_SIGN_STYLE = Automatic;
				CURRENT_PROJECT_VERSION = 1;
				DEVELOPMENT_TEAM = CGZUU74AN7;
				GENERATE_INFOPLIST_FILE = YES;
				IPHONEOS_DEPLOYMENT_TARGET = 17.5;
				MARKETING_VERSION = 1.0;
				PRODUCT_BUNDLE_IDENTIFIER = "Hsu-Po-Hsiang.GPS-SpeedTests";
				PRODUCT_NAME = "$(TARGET_NAME)";
				SWIFT_EMIT_LOC_STRINGS = NO;
				SWIFT_VERSION = 5.0;
				TARGETED_DEVICE_FAMILY = "1,2";
				TEST_HOST = "$(BUILT_PRODUCTS_DIR)/GPS Speed.app/$(BUNDLE_EXECUTABLE_FOLDER_PATH)/GPS Speed";
			};
			name = Debug;
		};
		01D1F1BD2C7D6D580055445A /* Release */ = {
			isa = XCBuildConfiguration;
			buildSettings = {
				ALWAYS_EMBED_SWIFT_STANDARD_LIBRARIES = YES;
				BUNDLE_LOADER = "$(TEST_HOST)";
				CODE_SIGN_STYLE = Automatic;
				CURRENT_PROJECT_VERSION = 1;
				DEVELOPMENT_TEAM = CGZUU74AN7;
				GENERATE_INFOPLIST_FILE = YES;
				IPHONEOS_DEPLOYMENT_TARGET = 17.5;
				MARKETING_VERSION = 1.0;
				PRODUCT_BUNDLE_IDENTIFIER = "Hsu-Po-Hsiang.GPS-SpeedTests";
				PRODUCT_NAME = "$(TARGET_NAME)";
				SWIFT_EMIT_LOC_STRINGS = NO;
				SWIFT_VERSION = 5.0;
				TARGETED_DEVICE_FAMILY = "1,2";
				TEST_HOST = "$(BUILT_PRODUCTS_DIR)/GPS Speed.app/$(BUNDLE_EXECUTABLE_FOLDER_PATH)/GPS Speed";
			};
			name = Release;
		};
		01D1F1BF2C7D6D580055445A /* Debug */ = {
			isa = XCBuildConfiguration;
			buildSettings = {
				ALWAYS_EMBED_SWIFT_STANDARD_LIBRARIES = YES;
				CODE_SIGN_STYLE = Automatic;
				CURRENT_PROJECT_VERSION = 1;
				DEVELOPMENT_TEAM = CGZUU74AN7;
				GENERATE_INFOPLIST_FILE = YES;
				MARKETING_VERSION = 1.0;
				PRODUCT_BUNDLE_IDENTIFIER = "Hsu-Po-Hsiang.GPS-SpeedUITests";
				PRODUCT_NAME = "$(TARGET_NAME)";
				SWIFT_EMIT_LOC_STRINGS = NO;
				SWIFT_VERSION = 5.0;
				TARGETED_DEVICE_FAMILY = "1,2";
				TEST_TARGET_NAME = "GPS Speed";
			};
			name = Debug;
		};
		01D1F1C02C7D6D580055445A /* Release */ = {
			isa = XCBuildConfiguration;
			buildSettings = {
				ALWAYS_EMBED_SWIFT_STANDARD_LIBRARIES = YES;
				CODE_SIGN_STYLE = Automatic;
				CURRENT_PROJECT_VERSION = 1;
				DEVELOPMENT_TEAM = CGZUU74AN7;
				GENERATE_INFOPLIST_FILE = YES;
				MARKETING_VERSION = 1.0;
				PRODUCT_BUNDLE_IDENTIFIER = "Hsu-Po-Hsiang.GPS-SpeedUITests";
				PRODUCT_NAME = "$(TARGET_NAME)";
				SWIFT_EMIT_LOC_STRINGS = NO;
				SWIFT_VERSION = 5.0;
				TARGETED_DEVICE_FAMILY = "1,2";
				TEST_TARGET_NAME = "GPS Speed";
			};
			name = Release;
		};
/* End XCBuildConfiguration section */

/* Begin XCConfigurationList section */
		01D1F18F2C7D6D570055445A /* Build configuration list for PBXProject "GPS Speed" */ = {
			isa = XCConfigurationList;
			buildConfigurations = (
				01D1F1B62C7D6D580055445A /* Debug */,
				01D1F1B72C7D6D580055445A /* Release */,
			);
			defaultConfigurationIsVisible = 0;
			defaultConfigurationName = Release;
		};
		01D1F1B82C7D6D580055445A /* Build configuration list for PBXNativeTarget "GPS Speed" */ = {
			isa = XCConfigurationList;
			buildConfigurations = (
				01D1F1B92C7D6D580055445A /* Debug */,
				01D1F1BA2C7D6D580055445A /* Release */,
			);
			defaultConfigurationIsVisible = 0;
			defaultConfigurationName = Release;
		};
		01D1F1BB2C7D6D580055445A /* Build configuration list for PBXNativeTarget "GPS SpeedTests" */ = {
			isa = XCConfigurationList;
			buildConfigurations = (
				01D1F1BC2C7D6D580055445A /* Debug */,
				01D1F1BD2C7D6D580055445A /* Release */,
			);
			defaultConfigurationIsVisible = 0;
			defaultConfigurationName = Release;
		};
		01D1F1BE2C7D6D580055445A /* Build configuration list for PBXNativeTarget "GPS SpeedUITests" */ = {
			isa = XCConfigurationList;
			buildConfigurations = (
				01D1F1BF2C7D6D580055445A /* Debug */,
				01D1F1C02C7D6D580055445A /* Release */,
			);
			defaultConfigurationIsVisible = 0;
			defaultConfigurationName = Release;
		};
/* End XCConfigurationList section */
	};
	rootObject = 01D1F18C2C7D6D570055445A /* Project object */;
}
